// !$*UTF8*$!
{
	archiveVersion = 1;
	classes = {
	};
	objectVersion = 56;
	objects = {

/* Begin PBXBuildFile section */
		520216A229C021E800244213 /* GeometryReaderBootcamp.swift in Sources */ = {isa = PBXBuildFile; fileRef = 520216A129C021E800244213 /* GeometryReaderBootcamp.swift */; };
		520216A429C02C6800244213 /* MultipleSheetsBootcamp.swift in Sources */ = {isa = PBXBuildFile; fileRef = 520216A329C02C6800244213 /* MultipleSheetsBootcamp.swift */; };
		520216A629C03CA900244213 /* MaskBootcamp.swift in Sources */ = {isa = PBXBuildFile; fileRef = 520216A529C03CA900244213 /* MaskBootcamp.swift */; };
		520216A829C055E300244213 /* SoundsBootcamp.swift in Sources */ = {isa = PBXBuildFile; fileRef = 520216A729C055E300244213 /* SoundsBootcamp.swift */; };
		520216AB29C05CAC00244213 /* badum.mp3 in Resources */ = {isa = PBXBuildFile; fileRef = 520216AA29C05CAC00244213 /* badum.mp3 */; };
		520216AD29C05CC200244213 /* tada.mp3 in Resources */ = {isa = PBXBuildFile; fileRef = 520216AC29C05CC200244213 /* tada.mp3 */; };
		52A66D5929BECFD200806DBE /* SwiftfukThinkingContinuedLearningApp.swift in Sources */ = {isa = PBXBuildFile; fileRef = 52A66D5829BECFD200806DBE /* SwiftfukThinkingContinuedLearningApp.swift */; };
		52A66D5B29BECFD200806DBE /* ContentView.swift in Sources */ = {isa = PBXBuildFile; fileRef = 52A66D5A29BECFD200806DBE /* ContentView.swift */; };
		52A66D5D29BECFD600806DBE /* Assets.xcassets in Resources */ = {isa = PBXBuildFile; fileRef = 52A66D5C29BECFD600806DBE /* Assets.xcassets */; };
		52A66D6029BECFD600806DBE /* Preview Assets.xcassets in Resources */ = {isa = PBXBuildFile; fileRef = 52A66D5F29BECFD600806DBE /* Preview Assets.xcassets */; };
		52A66D6729BED0BC00806DBE /* LongPressedGestureBootcamp.swift in Sources */ = {isa = PBXBuildFile; fileRef = 52A66D6629BED0BC00806DBE /* LongPressedGestureBootcamp.swift */; };
		52A66D6929BEE1D200806DBE /* MagnificationGestureBootcamp.swift in Sources */ = {isa = PBXBuildFile; fileRef = 52A66D6829BEE1D200806DBE /* MagnificationGestureBootcamp.swift */; };
		52A66D6B29BEEB9B00806DBE /* RotationGestureBootcamp.swift in Sources */ = {isa = PBXBuildFile; fileRef = 52A66D6A29BEEB9B00806DBE /* RotationGestureBootcamp.swift */; };
		52A66D6D29BF001200806DBE /* DragGestureBootcamp.swift in Sources */ = {isa = PBXBuildFile; fileRef = 52A66D6C29BF001200806DBE /* DragGestureBootcamp.swift */; };
		52A66D6F29BF091000806DBE /* DragGestureBootcamp2.swift in Sources */ = {isa = PBXBuildFile; fileRef = 52A66D6E29BF091000806DBE /* DragGestureBootcamp2.swift */; };
		52A66D7129BF165D00806DBE /* ScrollViewReaderBootcamp.swift in Sources */ = {isa = PBXBuildFile; fileRef = 52A66D7029BF165D00806DBE /* ScrollViewReaderBootcamp.swift */; };
/* End PBXBuildFile section */

/* Begin PBXFileReference section */
		520216A129C021E800244213 /* GeometryReaderBootcamp.swift */ = {isa = PBXFileReference; lastKnownFileType = sourcecode.swift; path = GeometryReaderBootcamp.swift; sourceTree = "<group>"; };
		520216A329C02C6800244213 /* MultipleSheetsBootcamp.swift */ = {isa = PBXFileReference; lastKnownFileType = sourcecode.swift; path = MultipleSheetsBootcamp.swift; sourceTree = "<group>"; };
		520216A529C03CA900244213 /* MaskBootcamp.swift */ = {isa = PBXFileReference; lastKnownFileType = sourcecode.swift; path = MaskBootcamp.swift; sourceTree = "<group>"; };
		520216A729C055E300244213 /* SoundsBootcamp.swift */ = {isa = PBXFileReference; lastKnownFileType = sourcecode.swift; path = SoundsBootcamp.swift; sourceTree = "<group>"; };
		520216AA29C05CAC00244213 /* badum.mp3 */ = {isa = PBXFileReference; lastKnownFileType = audio.mp3; path = badum.mp3; sourceTree = "<group>"; };
		520216AC29C05CC200244213 /* tada.mp3 */ = {isa = PBXFileReference; lastKnownFileType = audio.mp3; path = tada.mp3; sourceTree = "<group>"; };
		52A66D5529BECFD200806DBE /* SwiftfukThinkingContinuedLearning.app */ = {isa = PBXFileReference; explicitFileType = wrapper.application; includeInIndex = 0; path = SwiftfukThinkingContinuedLearning.app; sourceTree = BUILT_PRODUCTS_DIR; };
		52A66D5829BECFD200806DBE /* SwiftfukThinkingContinuedLearningApp.swift */ = {isa = PBXFileReference; lastKnownFileType = sourcecode.swift; path = SwiftfukThinkingContinuedLearningApp.swift; sourceTree = "<group>"; };
		52A66D5A29BECFD200806DBE /* ContentView.swift */ = {isa = PBXFileReference; lastKnownFileType = sourcecode.swift; path = ContentView.swift; sourceTree = "<group>"; };
		52A66D5C29BECFD600806DBE /* Assets.xcassets */ = {isa = PBXFileReference; lastKnownFileType = folder.assetcatalog; path = Assets.xcassets; sourceTree = "<group>"; };
		52A66D5F29BECFD600806DBE /* Preview Assets.xcassets */ = {isa = PBXFileReference; lastKnownFileType = folder.assetcatalog; path = "Preview Assets.xcassets"; sourceTree = "<group>"; };
		52A66D6629BED0BC00806DBE /* LongPressedGestureBootcamp.swift */ = {isa = PBXFileReference; lastKnownFileType = sourcecode.swift; path = LongPressedGestureBootcamp.swift; sourceTree = "<group>"; };
		52A66D6829BEE1D200806DBE /* MagnificationGestureBootcamp.swift */ = {isa = PBXFileReference; lastKnownFileType = sourcecode.swift; path = MagnificationGestureBootcamp.swift; sourceTree = "<group>"; };
		52A66D6A29BEEB9B00806DBE /* RotationGestureBootcamp.swift */ = {isa = PBXFileReference; lastKnownFileType = sourcecode.swift; path = RotationGestureBootcamp.swift; sourceTree = "<group>"; };
		52A66D6C29BF001200806DBE /* DragGestureBootcamp.swift */ = {isa = PBXFileReference; lastKnownFileType = sourcecode.swift; path = DragGestureBootcamp.swift; sourceTree = "<group>"; };
		52A66D6E29BF091000806DBE /* DragGestureBootcamp2.swift */ = {isa = PBXFileReference; lastKnownFileType = sourcecode.swift; path = DragGestureBootcamp2.swift; sourceTree = "<group>"; };
		52A66D7029BF165D00806DBE /* ScrollViewReaderBootcamp.swift */ = {isa = PBXFileReference; lastKnownFileType = sourcecode.swift; path = ScrollViewReaderBootcamp.swift; sourceTree = "<group>"; };
/* End PBXFileReference section */

/* Begin PBXFrameworksBuildPhase section */
		52A66D5229BECFD200806DBE /* Frameworks */ = {
			isa = PBXFrameworksBuildPhase;
			buildActionMask = 2147483647;
			files = (
			);
			runOnlyForDeploymentPostprocessing = 0;
		};
/* End PBXFrameworksBuildPhase section */

/* Begin PBXGroup section */
		520216A929C05C9200244213 /* Sounds */ = {
			isa = PBXGroup;
			children = (
				520216AC29C05CC200244213 /* tada.mp3 */,
				520216AA29C05CAC00244213 /* badum.mp3 */,
			);
			path = Sounds;
			sourceTree = "<group>";
		};
		52A66D4C29BECFD200806DBE = {
			isa = PBXGroup;
			children = (
				52A66D5729BECFD200806DBE /* SwiftfukThinkingContinuedLearning */,
				52A66D5629BECFD200806DBE /* Products */,
			);
			sourceTree = "<group>";
		};
		52A66D5629BECFD200806DBE /* Products */ = {
			isa = PBXGroup;
			children = (
				52A66D5529BECFD200806DBE /* SwiftfukThinkingContinuedLearning.app */,
			);
			name = Products;
			sourceTree = "<group>";
		};
		52A66D5729BECFD200806DBE /* SwiftfukThinkingContinuedLearning */ = {
			isa = PBXGroup;
			children = (
				52A66D5829BECFD200806DBE /* SwiftfukThinkingContinuedLearningApp.swift */,
				52A66D5A29BECFD200806DBE /* ContentView.swift */,
				52A66D6629BED0BC00806DBE /* LongPressedGestureBootcamp.swift */,
				52A66D6829BEE1D200806DBE /* MagnificationGestureBootcamp.swift */,
				52A66D6A29BEEB9B00806DBE /* RotationGestureBootcamp.swift */,
				52A66D6C29BF001200806DBE /* DragGestureBootcamp.swift */,
				52A66D6E29BF091000806DBE /* DragGestureBootcamp2.swift */,
				52A66D7029BF165D00806DBE /* ScrollViewReaderBootcamp.swift */,
				520216A129C021E800244213 /* GeometryReaderBootcamp.swift */,
				520216A329C02C6800244213 /* MultipleSheetsBootcamp.swift */,
				520216A529C03CA900244213 /* MaskBootcamp.swift */,
				520216A729C055E300244213 /* SoundsBootcamp.swift */,
				520216A929C05C9200244213 /* Sounds */,
				52A66D5C29BECFD600806DBE /* Assets.xcassets */,
				52A66D5E29BECFD600806DBE /* Preview Content */,
			);
			path = SwiftfukThinkingContinuedLearning;
			sourceTree = "<group>";
		};
		52A66D5E29BECFD600806DBE /* Preview Content */ = {
			isa = PBXGroup;
			children = (
				52A66D5F29BECFD600806DBE /* Preview Assets.xcassets */,
			);
			path = "Preview Content";
			sourceTree = "<group>";
		};
/* End PBXGroup section */

/* Begin PBXNativeTarget section */
		52A66D5429BECFD200806DBE /* SwiftfukThinkingContinuedLearning */ = {
			isa = PBXNativeTarget;
			buildConfigurationList = 52A66D6329BECFD600806DBE /* Build configuration list for PBXNativeTarget "SwiftfukThinkingContinuedLearning" */;
			buildPhases = (
				52A66D5129BECFD200806DBE /* Sources */,
				52A66D5229BECFD200806DBE /* Frameworks */,
				52A66D5329BECFD200806DBE /* Resources */,
			);
			buildRules = (
			);
			dependencies = (
			);
			name = SwiftfukThinkingContinuedLearning;
			productName = SwiftfukThinkingContinuedLearning;
			productReference = 52A66D5529BECFD200806DBE /* SwiftfukThinkingContinuedLearning.app */;
			productType = "com.apple.product-type.application";
		};
/* End PBXNativeTarget section */

/* Begin PBXProject section */
		52A66D4D29BECFD200806DBE /* Project object */ = {
			isa = PBXProject;
			attributes = {
				BuildIndependentTargetsInParallel = 1;
				LastSwiftUpdateCheck = 1400;
				LastUpgradeCheck = 1400;
				TargetAttributes = {
					52A66D5429BECFD200806DBE = {
						CreatedOnToolsVersion = 14.0.1;
					};
				};
			};
			buildConfigurationList = 52A66D5029BECFD200806DBE /* Build configuration list for PBXProject "SwiftfukThinkingContinuedLearning" */;
			compatibilityVersion = "Xcode 14.0";
			developmentRegion = en;
			hasScannedForEncodings = 0;
			knownRegions = (
				en,
				Base,
			);
			mainGroup = 52A66D4C29BECFD200806DBE;
			productRefGroup = 52A66D5629BECFD200806DBE /* Products */;
			projectDirPath = "";
			projectRoot = "";
			targets = (
				52A66D5429BECFD200806DBE /* SwiftfukThinkingContinuedLearning */,
			);
		};
/* End PBXProject section */

/* Begin PBXResourcesBuildPhase section */
		52A66D5329BECFD200806DBE /* Resources */ = {
			isa = PBXResourcesBuildPhase;
			buildActionMask = 2147483647;
			files = (
				520216AD29C05CC200244213 /* tada.mp3 in Resources */,
				520216AB29C05CAC00244213 /* badum.mp3 in Resources */,
				52A66D6029BECFD600806DBE /* Preview Assets.xcassets in Resources */,
				52A66D5D29BECFD600806DBE /* Assets.xcassets in Resources */,
			);
			runOnlyForDeploymentPostprocessing = 0;
		};
/* End PBXResourcesBuildPhase section */

/* Begin PBXSourcesBuildPhase section */
		52A66D5129BECFD200806DBE /* Sources */ = {
			isa = PBXSourcesBuildPhase;
			buildActionMask = 2147483647;
			files = (
				520216A829C055E300244213 /* SoundsBootcamp.swift in Sources */,
				52A66D6F29BF091000806DBE /* DragGestureBootcamp2.swift in Sources */,
				520216A629C03CA900244213 /* MaskBootcamp.swift in Sources */,
				52A66D6D29BF001200806DBE /* DragGestureBootcamp.swift in Sources */,
				52A66D5B29BECFD200806DBE /* ContentView.swift in Sources */,
				52A66D7129BF165D00806DBE /* ScrollViewReaderBootcamp.swift in Sources */,
				520216A429C02C6800244213 /* MultipleSheetsBootcamp.swift in Sources */,
				52A66D6729BED0BC00806DBE /* LongPressedGestureBootcamp.swift in Sources */,
				52A66D6929BEE1D200806DBE /* MagnificationGestureBootcamp.swift in Sources */,
				520216A229C021E800244213 /* GeometryReaderBootcamp.swift in Sources */,
				52A66D5929BECFD200806DBE /* SwiftfukThinkingContinuedLearningApp.swift in Sources */,
				52A66D6B29BEEB9B00806DBE /* RotationGestureBootcamp.swift in Sources */,
			);
			runOnlyForDeploymentPostprocessing = 0;
		};
/* End PBXSourcesBuildPhase section */

/* Begin XCBuildConfiguration section */
		52A66D6129BECFD600806DBE /* Debug */ = {
			isa = XCBuildConfiguration;
			buildSettings = {
				ALWAYS_SEARCH_USER_PATHS = NO;
				CLANG_ANALYZER_NONNULL = YES;
				CLANG_ANALYZER_NUMBER_OBJECT_CONVERSION = YES_AGGRESSIVE;
				CLANG_CXX_LANGUAGE_STANDARD = "gnu++20";
				CLANG_ENABLE_MODULES = YES;
				CLANG_ENABLE_OBJC_ARC = YES;
				CLANG_ENABLE_OBJC_WEAK = YES;
				CLANG_WARN_BLOCK_CAPTURE_AUTORELEASING = YES;
				CLANG_WARN_BOOL_CONVERSION = YES;
				CLANG_WARN_COMMA = YES;
				CLANG_WARN_CONSTANT_CONVERSION = YES;
				CLANG_WARN_DEPRECATED_OBJC_IMPLEMENTATIONS = YES;
				CLANG_WARN_DIRECT_OBJC_ISA_USAGE = YES_ERROR;
				CLANG_WARN_DOCUMENTATION_COMMENTS = YES;
				CLANG_WARN_EMPTY_BODY = YES;
				CLANG_WARN_ENUM_CONVERSION = YES;
				CLANG_WARN_INFINITE_RECURSION = YES;
				CLANG_WARN_INT_CONVERSION = YES;
				CLANG_WARN_NON_LITERAL_NULL_CONVERSION = YES;
				CLANG_WARN_OBJC_IMPLICIT_RETAIN_SELF = YES;
				CLANG_WARN_OBJC_LITERAL_CONVERSION = YES;
				CLANG_WARN_OBJC_ROOT_CLASS = YES_ERROR;
				CLANG_WARN_QUOTED_INCLUDE_IN_FRAMEWORK_HEADER = YES;
				CLANG_WARN_RANGE_LOOP_ANALYSIS = YES;
				CLANG_WARN_STRICT_PROTOTYPES = YES;
				CLANG_WARN_SUSPICIOUS_MOVE = YES;
				CLANG_WARN_UNGUARDED_AVAILABILITY = YES_AGGRESSIVE;
				CLANG_WARN_UNREACHABLE_CODE = YES;
				CLANG_WARN__DUPLICATE_METHOD_MATCH = YES;
				COPY_PHASE_STRIP = NO;
				DEBUG_INFORMATION_FORMAT = dwarf;
				ENABLE_STRICT_OBJC_MSGSEND = YES;
				ENABLE_TESTABILITY = YES;
				GCC_C_LANGUAGE_STANDARD = gnu11;
				GCC_DYNAMIC_NO_PIC = NO;
				GCC_NO_COMMON_BLOCKS = YES;
				GCC_OPTIMIZATION_LEVEL = 0;
				GCC_PREPROCESSOR_DEFINITIONS = (
					"DEBUG=1",
					"$(inherited)",
				);
				GCC_WARN_64_TO_32_BIT_CONVERSION = YES;
				GCC_WARN_ABOUT_RETURN_TYPE = YES_ERROR;
				GCC_WARN_UNDECLARED_SELECTOR = YES;
				GCC_WARN_UNINITIALIZED_AUTOS = YES_AGGRESSIVE;
				GCC_WARN_UNUSED_FUNCTION = YES;
				GCC_WARN_UNUSED_VARIABLE = YES;
				IPHONEOS_DEPLOYMENT_TARGET = 16.0;
				MTL_ENABLE_DEBUG_INFO = INCLUDE_SOURCE;
				MTL_FAST_MATH = YES;
				ONLY_ACTIVE_ARCH = YES;
				SDKROOT = iphoneos;
				SWIFT_ACTIVE_COMPILATION_CONDITIONS = DEBUG;
				SWIFT_OPTIMIZATION_LEVEL = "-Onone";
			};
			name = Debug;
		};
		52A66D6229BECFD600806DBE /* Release */ = {
			isa = XCBuildConfiguration;
			buildSettings = {
				ALWAYS_SEARCH_USER_PATHS = NO;
				CLANG_ANALYZER_NONNULL = YES;
				CLANG_ANALYZER_NUMBER_OBJECT_CONVERSION = YES_AGGRESSIVE;
				CLANG_CXX_LANGUAGE_STANDARD = "gnu++20";
				CLANG_ENABLE_MODULES = YES;
				CLANG_ENABLE_OBJC_ARC = YES;
				CLANG_ENABLE_OBJC_WEAK = YES;
				CLANG_WARN_BLOCK_CAPTURE_AUTORELEASING = YES;
				CLANG_WARN_BOOL_CONVERSION = YES;
				CLANG_WARN_COMMA = YES;
				CLANG_WARN_CONSTANT_CONVERSION = YES;
				CLANG_WARN_DEPRECATED_OBJC_IMPLEMENTATIONS = YES;
				CLANG_WARN_DIRECT_OBJC_ISA_USAGE = YES_ERROR;
				CLANG_WARN_DOCUMENTATION_COMMENTS = YES;
				CLANG_WARN_EMPTY_BODY = YES;
				CLANG_WARN_ENUM_CONVERSION = YES;
				CLANG_WARN_INFINITE_RECURSION = YES;
				CLANG_WARN_INT_CONVERSION = YES;
				CLANG_WARN_NON_LITERAL_NULL_CONVERSION = YES;
				CLANG_WARN_OBJC_IMPLICIT_RETAIN_SELF = YES;
				CLANG_WARN_OBJC_LITERAL_CONVERSION = YES;
				CLANG_WARN_OBJC_ROOT_CLASS = YES_ERROR;
				CLANG_WARN_QUOTED_INCLUDE_IN_FRAMEWORK_HEADER = YES;
				CLANG_WARN_RANGE_LOOP_ANALYSIS = YES;
				CLANG_WARN_STRICT_PROTOTYPES = YES;
				CLANG_WARN_SUSPICIOUS_MOVE = YES;
				CLANG_WARN_UNGUARDED_AVAILABILITY = YES_AGGRESSIVE;
				CLANG_WARN_UNREACHABLE_CODE = YES;
				CLANG_WARN__DUPLICATE_METHOD_MATCH = YES;
				COPY_PHASE_STRIP = NO;
				DEBUG_INFORMATION_FORMAT = "dwarf-with-dsym";
				ENABLE_NS_ASSERTIONS = NO;
				ENABLE_STRICT_OBJC_MSGSEND = YES;
				GCC_C_LANGUAGE_STANDARD = gnu11;
				GCC_NO_COMMON_BLOCKS = YES;
				GCC_WARN_64_TO_32_BIT_CONVERSION = YES;
				GCC_WARN_ABOUT_RETURN_TYPE = YES_ERROR;
				GCC_WARN_UNDECLARED_SELECTOR = YES;
				GCC_WARN_UNINITIALIZED_AUTOS = YES_AGGRESSIVE;
				GCC_WARN_UNUSED_FUNCTION = YES;
				GCC_WARN_UNUSED_VARIABLE = YES;
				IPHONEOS_DEPLOYMENT_TARGET = 16.0;
				MTL_ENABLE_DEBUG_INFO = NO;
				MTL_FAST_MATH = YES;
				SDKROOT = iphoneos;
				SWIFT_COMPILATION_MODE = wholemodule;
				SWIFT_OPTIMIZATION_LEVEL = "-O";
				VALIDATE_PRODUCT = YES;
			};
			name = Release;
		};
		52A66D6429BECFD600806DBE /* Debug */ = {
			isa = XCBuildConfiguration;
			buildSettings = {
				ASSETCATALOG_COMPILER_APPICON_NAME = AppIcon;
				ASSETCATALOG_COMPILER_GLOBAL_ACCENT_COLOR_NAME = AccentColor;
				CODE_SIGN_STYLE = Automatic;
				CURRENT_PROJECT_VERSION = 1;
				DEVELOPMENT_ASSET_PATHS = "\"SwiftfukThinkingContinuedLearning/Preview Content\"";
				ENABLE_PREVIEWS = YES;
				GENERATE_INFOPLIST_FILE = YES;
				INFOPLIST_KEY_UIApplicationSceneManifest_Generation = YES;
				INFOPLIST_KEY_UIApplicationSupportsIndirectInputEvents = YES;
				INFOPLIST_KEY_UILaunchScreen_Generation = YES;
				INFOPLIST_KEY_UISupportedInterfaceOrientations_iPad = "UIInterfaceOrientationPortrait UIInterfaceOrientationPortraitUpsideDown UIInterfaceOrientationLandscapeLeft UIInterfaceOrientationLandscapeRight";
				INFOPLIST_KEY_UISupportedInterfaceOrientations_iPhone = "UIInterfaceOrientationPortrait UIInterfaceOrientationLandscapeLeft UIInterfaceOrientationLandscapeRight";
				LD_RUNPATH_SEARCH_PATHS = (
					"$(inherited)",
					"@executable_path/Frameworks",
				);
				MARKETING_VERSION = 1.0;
				PRODUCT_BUNDLE_IDENTIFIER = com.mhn.user.SwiftfukThinkingContinuedLearning;
				PRODUCT_NAME = "$(TARGET_NAME)";
				SWIFT_EMIT_LOC_STRINGS = YES;
				SWIFT_VERSION = 5.0;
				TARGETED_DEVICE_FAMILY = "1,2";
			};
			name = Debug;
		};
		52A66D6529BECFD600806DBE /* Release */ = {
			isa = XCBuildConfiguration;
			buildSettings = {
				ASSETCATALOG_COMPILER_APPICON_NAME = AppIcon;
				ASSETCATALOG_COMPILER_GLOBAL_ACCENT_COLOR_NAME = AccentColor;
				CODE_SIGN_STYLE = Automatic;
				CURRENT_PROJECT_VERSION = 1;
				DEVELOPMENT_ASSET_PATHS = "\"SwiftfukThinkingContinuedLearning/Preview Content\"";
				ENABLE_PREVIEWS = YES;
				GENERATE_INFOPLIST_FILE = YES;
				INFOPLIST_KEY_UIApplicationSceneManifest_Generation = YES;
				INFOPLIST_KEY_UIApplicationSupportsIndirectInputEvents = YES;
				INFOPLIST_KEY_UILaunchScreen_Generation = YES;
				INFOPLIST_KEY_UISupportedInterfaceOrientations_iPad = "UIInterfaceOrientationPortrait UIInterfaceOrientationPortraitUpsideDown UIInterfaceOrientationLandscapeLeft UIInterfaceOrientationLandscapeRight";
				INFOPLIST_KEY_UISupportedInterfaceOrientations_iPhone = "UIInterfaceOrientationPortrait UIInterfaceOrientationLandscapeLeft UIInterfaceOrientationLandscapeRight";
				LD_RUNPATH_SEARCH_PATHS = (
					"$(inherited)",
					"@executable_path/Frameworks",
				);
				MARKETING_VERSION = 1.0;
				PRODUCT_BUNDLE_IDENTIFIER = com.mhn.user.SwiftfukThinkingContinuedLearning;
				PRODUCT_NAME = "$(TARGET_NAME)";
				SWIFT_EMIT_LOC_STRINGS = YES;
				SWIFT_VERSION = 5.0;
				TARGETED_DEVICE_FAMILY = "1,2";
			};
			name = Release;
		};
/* End XCBuildConfiguration section */

/* Begin XCConfigurationList section */
		52A66D5029BECFD200806DBE /* Build configuration list for PBXProject "SwiftfukThinkingContinuedLearning" */ = {
			isa = XCConfigurationList;
			buildConfigurations = (
				52A66D6129BECFD600806DBE /* Debug */,
				52A66D6229BECFD600806DBE /* Release */,
			);
			defaultConfigurationIsVisible = 0;
			defaultConfigurationName = Release;
		};
		52A66D6329BECFD600806DBE /* Build configuration list for PBXNativeTarget "SwiftfukThinkingContinuedLearning" */ = {
			isa = XCConfigurationList;
			buildConfigurations = (
				52A66D6429BECFD600806DBE /* Debug */,
				52A66D6529BECFD600806DBE /* Release */,
			);
			defaultConfigurationIsVisible = 0;
			defaultConfigurationName = Release;
		};
/* End XCConfigurationList section */
	};
	rootObject = 52A66D4D29BECFD200806DBE /* Project object */;
}
